
Microsoft Visual Studio Solution File, Format Version 12.00
# Visual Studio Version 17
VisualStudioVersion = 17.13.35931.197 d17.13
MinimumVisualStudioVersion = 10.0.40219.1
Project("{FAE04EC0-301F-11D3-BF4B-00C04F79EFBC}") = "zaratmaoyunu", "zaratmaoyunu\zaratmaoyunu.csproj", "{93069BDB-B765-465B-8B13-4250241AA571}"
EndProject
Global
	GlobalSection(SolutionConfigurationPlatforms) = preSolution
		Debug|Any CPU = Debug|Any CPU
		Release|Any CPU = Release|Any CPU
	EndGlobalSection
	GlobalSection(ProjectConfigurationPlatforms) = postSolution
		{93069BDB-B765-465B-8B13-4250241AA571}.Debug|Any CPU.ActiveCfg = Debug|Any CPU
		{93069BDB-B765-465B-8B13-4250241AA571}.Debug|Any CPU.Build.0 = Debug|Any CPU
		{93069BDB-B765-465B-8B13-4250241AA571}.Release|Any CPU.ActiveCfg = Release|Any CPU
		{93069BDB-B765-465B-8B13-4250241AA571}.Release|Any CPU.Build.0 = Release|Any CPU
	EndGlobalSection
	GlobalSection(SolutionProperties) = preSolution
		HideSolutionNode = FALSE
	EndGlobalSection
	GlobalSection(ExtensibilityGlobals) = postSolution
		SolutionGuid = {0C86B693-76F4-4111-827B-79D2C60568C8}
	EndGlobalSection
EndGlobal
